
Microsoft Visual Studio Solution File, Format Version 12.00
Project("{FAE04EC0-301F-11D3-BF4B-00C04F79EFBC}") = "IntSchool.Sharp.Core", "IntSchool.Sharp.Core\IntSchool.Sharp.Core.csproj", "{F0FD8816-6190-446F-B4C9-5455DF05D800}"
EndProject
Project("{FAE04EC0-301F-11D3-BF4B-00C04F79EFBC}") = "DemoConsole", "DemoConsole\DemoConsole.csproj", "{96B2AC3D-5FED-4C6F-8368-B8C793662162}"
EndProject
Project("{2150E333-8FDC-42A3-9474-1A3956D46DE8}") = "IntCopilot", "IntCopilot", "{3547A8D5-1161-4D80-B759-428D9469C494}"
EndProject
Project("{FAE04EC0-301F-11D3-BF4B-00C04F79EFBC}") = "IntCopilot.Barker.Client", "IntCopilot.Barker.Client\IntCopilot.Barker.Client.csproj", "{AB1F0810-289E-4082-A101-0F1DC2F49D0A}"
EndProject
Project("{FAE04EC0-301F-11D3-BF4B-00C04F79EFBC}") = "IntCopilot.Barker.Worker", "IntCopilot.Barker.Worker\IntCopilot.Barker.Worker.csproj", "{2E02C416-A22F-4ECF-A276-FA7651C31F18}"
EndProject
Project("{2150E333-8FDC-42A3-9474-1A3956D46DE8}") = "IntCopilot.Barker", "IntCopilot.Barker", "{3B6467C7-4B70-498C-B627-64E1C5D419C4}"
EndProject
Project("{2150E333-8FDC-42A3-9474-1A3956D46DE8}") = "IntCopilot.Application", "IntCopilot.Application", "{0FE1BEA5-B9C8-411A-AD4E-D90D9784D747}"
EndProject
Project("{2150E333-8FDC-42A3-9474-1A3956D46DE8}") = "IntCopilot.Utilities", "IntCopilot.Utilities", "{14ED5480-DAFE-4732-9886-26A82C630790}"
EndProject
Project("{FAE04EC0-301F-11D3-BF4B-00C04F79EFBC}") = "IntCopilot.Sniffer.StudentId", "IntCopilot.Sniffer.StudentId\IntCopilot.Sniffer.StudentId.csproj", "{ED1FCED6-17A7-4631-B3D9-8A0656E50329}"
EndProject
Project("{FAE04EC0-301F-11D3-BF4B-00C04F79EFBC}") = "IntCopilot.Sniffer.Client", "IntCopilot.Sniffer.Client\IntCopilot.Sniffer.Client.csproj", "{B18F4FE7-4294-4332-8B30-8330A1FD69C7}"
EndProject
Project("{2150E333-8FDC-42A3-9474-1A3956D46DE8}") = "IntCopilot.DataAccess", "IntCopilot.DataAccess", "{1B3A8EB6-8FC5-4BC6-810B-D3205A1B9B25}"
EndProject
Project("{2150E333-8FDC-42A3-9474-1A3956D46DE8}") = "Infrastructure", "Infrastructure", "{13DEF9A2-410F-4DAA-86C2-AED8C7180974}"
EndProject
Project("{FAE04EC0-301F-11D3-BF4B-00C04F79EFBC}") = "IntCopilot.DataAccess.Postgres", "IntCopilot.DataAccess.Postgres\IntCopilot.DataAccess.Postgres.csproj", "{7DAC7FAC-525A-4318-A58A-CD747C83AB43}"
EndProject
Project("{FAE04EC0-301F-11D3-BF4B-00C04F79EFBC}") = "IntCopilot.Shared", "IntCopilot.Shared\IntCopilot.Shared.csproj", "{504A1443-DBD9-44D9-B314-032FD7D44229}"
EndProject
Project("{2150E333-8FDC-42A3-9474-1A3956D46DE8}") = "IntCopilot.Chat", "IntCopilot.Chat", "{82D4DF9A-A933-4925-ABFE-1AAFA9CAC3CE}"
EndProject
Project("{FAE04EC0-301F-11D3-BF4B-00C04F79EFBC}") = "IntCopilot.Shell.Gemini", "IntCopilot.Shell.Gemini\IntCopilot.Shell.Gemini.csproj", "{05110A3A-CE4E-425B-9476-DD143063833F}"
EndProject
Project("{FAE04EC0-301F-11D3-BF4B-00C04F79EFBC}") = "IntCopilot.Chat.Client", "IntCopilot.Chat.Client\IntCopilot.Chat.Client.csproj", "{27E51333-56E0-4D9C-BF4C-1E9DA01B445D}"
EndProject
Global
	GlobalSection(SolutionConfigurationPlatforms) = preSolution
		Debug|Any CPU = Debug|Any CPU
		Release|Any CPU = Release|Any CPU
	EndGlobalSection
	GlobalSection(ProjectConfigurationPlatforms) = postSolution
		{F0FD8816-6190-446F-B4C9-5455DF05D800}.Debug|Any CPU.ActiveCfg = Debug|Any CPU
		{F0FD8816-6190-446F-B4C9-5455DF05D800}.Debug|Any CPU.Build.0 = Debug|Any CPU
		{F0FD8816-6190-446F-B4C9-5455DF05D800}.Release|Any CPU.ActiveCfg = Release|Any CPU
		{F0FD8816-6190-446F-B4C9-5455DF05D800}.Release|Any CPU.Build.0 = Release|Any CPU
		{96B2AC3D-5FED-4C6F-8368-B8C793662162}.Debug|Any CPU.ActiveCfg = Debug|Any CPU
		{96B2AC3D-5FED-4C6F-8368-B8C793662162}.Debug|Any CPU.Build.0 = Debug|Any CPU
		{96B2AC3D-5FED-4C6F-8368-B8C793662162}.Release|Any CPU.ActiveCfg = Release|Any CPU
		{96B2AC3D-5FED-4C6F-8368-B8C793662162}.Release|Any CPU.Build.0 = Release|Any CPU
		{AB1F0810-289E-4082-A101-0F1DC2F49D0A}.Debug|Any CPU.ActiveCfg = Debug|Any CPU
		{AB1F0810-289E-4082-A101-0F1DC2F49D0A}.Debug|Any CPU.Build.0 = Debug|Any CPU
		{AB1F0810-289E-4082-A101-0F1DC2F49D0A}.Release|Any CPU.ActiveCfg = Release|Any CPU
		{AB1F0810-289E-4082-A101-0F1DC2F49D0A}.Release|Any CPU.Build.0 = Release|Any CPU
		{2E02C416-A22F-4ECF-A276-FA7651C31F18}.Debug|Any CPU.ActiveCfg = Debug|Any CPU
		{2E02C416-A22F-4ECF-A276-FA7651C31F18}.Debug|Any CPU.Build.0 = Debug|Any CPU
		{2E02C416-A22F-4ECF-A276-FA7651C31F18}.Release|Any CPU.ActiveCfg = Release|Any CPU
		{2E02C416-A22F-4ECF-A276-FA7651C31F18}.Release|Any CPU.Build.0 = Release|Any CPU
		{ED1FCED6-17A7-4631-B3D9-8A0656E50329}.Debug|Any CPU.ActiveCfg = Debug|Any CPU
		{ED1FCED6-17A7-4631-B3D9-8A0656E50329}.Debug|Any CPU.Build.0 = Debug|Any CPU
		{ED1FCED6-17A7-4631-B3D9-8A0656E50329}.Release|Any CPU.ActiveCfg = Release|Any CPU
		{ED1FCED6-17A7-4631-B3D9-8A0656E50329}.Release|Any CPU.Build.0 = Release|Any CPU
		{B18F4FE7-4294-4332-8B30-8330A1FD69C7}.Debug|Any CPU.ActiveCfg = Debug|Any CPU
		{B18F4FE7-4294-4332-8B30-8330A1FD69C7}.Debug|Any CPU.Build.0 = Debug|Any CPU
		{B18F4FE7-4294-4332-8B30-8330A1FD69C7}.Release|Any CPU.ActiveCfg = Release|Any CPU
		{B18F4FE7-4294-4332-8B30-8330A1FD69C7}.Release|Any CPU.Build.0 = Release|Any CPU
		{7DAC7FAC-525A-4318-A58A-CD747C83AB43}.Debug|Any CPU.ActiveCfg = Debug|Any CPU
		{7DAC7FAC-525A-4318-A58A-CD747C83AB43}.Debug|Any CPU.Build.0 = Debug|Any CPU
		{7DAC7FAC-525A-4318-A58A-CD747C83AB43}.Release|Any CPU.ActiveCfg = Release|Any CPU
		{7DAC7FAC-525A-4318-A58A-CD747C83AB43}.Release|Any CPU.Build.0 = Release|Any CPU
		{504A1443-DBD9-44D9-B314-032FD7D44229}.Debug|Any CPU.ActiveCfg = Debug|Any CPU
		{504A1443-DBD9-44D9-B314-032FD7D44229}.Debug|Any CPU.Build.0 = Debug|Any CPU
		{504A1443-DBD9-44D9-B314-032FD7D44229}.Release|Any CPU.ActiveCfg = Release|Any CPU
		{504A1443-DBD9-44D9-B314-032FD7D44229}.Release|Any CPU.Build.0 = Release|Any CPU
		{05110A3A-CE4E-425B-9476-DD143063833F}.Debug|Any CPU.ActiveCfg = Debug|Any CPU
		{05110A3A-CE4E-425B-9476-DD143063833F}.Debug|Any CPU.Build.0 = Debug|Any CPU
		{05110A3A-CE4E-425B-9476-DD143063833F}.Release|Any CPU.ActiveCfg = Release|Any CPU
		{05110A3A-CE4E-425B-9476-DD143063833F}.Release|Any CPU.Build.0 = Release|Any CPU
		{27E51333-56E0-4D9C-BF4C-1E9DA01B445D}.Debug|Any CPU.ActiveCfg = Debug|Any CPU
		{27E51333-56E0-4D9C-BF4C-1E9DA01B445D}.Debug|Any CPU.Build.0 = Debug|Any CPU
		{27E51333-56E0-4D9C-BF4C-1E9DA01B445D}.Release|Any CPU.ActiveCfg = Release|Any CPU
		{27E51333-56E0-4D9C-BF4C-1E9DA01B445D}.Release|Any CPU.Build.0 = Release|Any CPU
	EndGlobalSection
	GlobalSection(NestedProjects) = preSolution
		{AB1F0810-289E-4082-A101-0F1DC2F49D0A} = {3B6467C7-4B70-498C-B627-64E1C5D419C4}
		{2E02C416-A22F-4ECF-A276-FA7651C31F18} = {3B6467C7-4B70-498C-B627-64E1C5D419C4}
		{0FE1BEA5-B9C8-411A-AD4E-D90D9784D747} = {3547A8D5-1161-4D80-B759-428D9469C494}
		{14ED5480-DAFE-4732-9886-26A82C630790} = {3547A8D5-1161-4D80-B759-428D9469C494}
		{ED1FCED6-17A7-4631-B3D9-8A0656E50329} = {14ED5480-DAFE-4732-9886-26A82C630790}
		{B18F4FE7-4294-4332-8B30-8330A1FD69C7} = {14ED5480-DAFE-4732-9886-26A82C630790}
		{3B6467C7-4B70-498C-B627-64E1C5D419C4} = {0FE1BEA5-B9C8-411A-AD4E-D90D9784D747}
		{1B3A8EB6-8FC5-4BC6-810B-D3205A1B9B25} = {3547A8D5-1161-4D80-B759-428D9469C494}
		{F0FD8816-6190-446F-B4C9-5455DF05D800} = {13DEF9A2-410F-4DAA-86C2-AED8C7180974}
		{7DAC7FAC-525A-4318-A58A-CD747C83AB43} = {1B3A8EB6-8FC5-4BC6-810B-D3205A1B9B25}
		{504A1443-DBD9-44D9-B314-032FD7D44229} = {3547A8D5-1161-4D80-B759-428D9469C494}
		{82D4DF9A-A933-4925-ABFE-1AAFA9CAC3CE} = {0FE1BEA5-B9C8-411A-AD4E-D90D9784D747}
		{05110A3A-CE4E-425B-9476-DD143063833F} = {82D4DF9A-A933-4925-ABFE-1AAFA9CAC3CE}
		{27E51333-56E0-4D9C-BF4C-1E9DA01B445D} = {82D4DF9A-A933-4925-ABFE-1AAFA9CAC3CE}
	EndGlobalSection
EndGlobal
